
Microsoft Visual Studio Solution File, Format Version 12.00
Project("{FAE04EC0-301F-11D3-BF4B-00C04F79EFBC}") = "MoreGeneComplexity", "MoreGeneComplexity\MoreGeneComplexity.csproj", "{CBF08AB6-5BE7-4BB4-AA03-05FADB24FB16}"
EndProject
Global
	GlobalSection(SolutionConfigurationPlatforms) = preSolution
		Debug|Any CPU = Debug|Any CPU
		Release|Any CPU = Release|Any CPU
	EndGlobalSection
	GlobalSection(ProjectConfigurationPlatforms) = postSolution
		{CBF08AB6-5BE7-4BB4-AA03-05FADB24FB16}.Release|Any CPU.ActiveCfg = Release|Any CPU
		{CBF08AB6-5BE7-4BB4-AA03-05FADB24FB16}.Release|Any CPU.Build.0 = Release|Any CPU
		{CBF08AB6-5BE7-4BB4-AA03-05FADB24FB16}.Debug|Any CPU.ActiveCfg = Release|Any CPU
		{CBF08AB6-5BE7-4BB4-AA03-05FADB24FB16}.Debug|Any CPU.Build.0 = Release|Any CPU
	EndGlobalSection
EndGlobal
